
Microsoft Visual Studio Solution File, Format Version 12.00
# Visual Studio 14
VisualStudioVersion = 14.0.24720.0
MinimumVisualStudioVersion = 10.0.40219.1
Project("{FAE04EC0-301F-11D3-BF4B-00C04F79EFBC}") = "libShared", "libShared\libShared.csproj", "{338154BB-0C23-4663-BD6B-D7C72DD15038}"
EndProject
Project("{FAE04EC0-301F-11D3-BF4B-00C04F79EFBC}") = "libCore", "libCore\libCore.csproj", "{160C8752-82C8-48A5-9590-00EF55141A2B}"
EndProject
Project("{FAE04EC0-301F-11D3-BF4B-00C04F79EFBC}") = "libDesktop", "libDesktop\libDesktop.csproj", "{B80CE52B-2FBD-4F84-AEB7-88F4E9473846}"
EndProject
Project("{FAE04EC0-301F-11D3-BF4B-00C04F79EFBC}") = "AppRaspi2", "AppRaspi2\AppRaspi2.csproj", "{DD9C8259-6FC6-4CB9-9DC1-F0EE845C7527}"
EndProject
Project("{FAE04EC0-301F-11D3-BF4B-00C04F79EFBC}") = "AppWpf", "AppWpf\AppWpf.csproj", "{5E90B531-CBD8-4567-BA30-2936AE7F12AB}"
EndProject
Project("{FAE04EC0-301F-11D3-BF4B-00C04F79EFBC}") = "SmartHomeController", "WebServer\SmartHomeController.csproj", "{0106470C-88B5-4DE3-8F4D-ADD749B6575A}"
EndProject
Project("{FAE04EC0-301F-11D3-BF4B-00C04F79EFBC}") = "AppWpfInterfacesDemoV1", "AppWpfInterfacesDemo\AppWpfInterfacesDemoV1.csproj", "{5B3ECC75-3172-4FE0-865C-3BACF3730C9D}"
EndProject
Project("{FAE04EC0-301F-11D3-BF4B-00C04F79EFBC}") = "AppUwaInterfacesDemoV1", "AppUwaInterfacesDemo\AppUwaInterfacesDemoV1.csproj", "{379AA26E-1089-49BB-91D7-1C7A2FE45D1A}"
EndProject
Project("{2150E333-8FDC-42A3-9474-1A3956D46DE8}") = "InterfacesDemo", "InterfacesDemo", "{942FB9B0-E3A0-454F-B24E-1006DA4E1E3A}"
EndProject
Project("{FAE04EC0-301F-11D3-BF4B-00C04F79EFBC}") = "App_IO_Demo", "App_IO_Demo\App_IO_Demo.csproj", "{64B18241-80F4-40FF-B544-B6887EE26A0B}"
EndProject
Project("{FAE04EC0-301F-11D3-BF4B-00C04F79EFBC}") = "RGB_Demo", "RGB_Demo\RGB_Demo.csproj", "{C8B3E4FD-E031-49FB-9687-60D5850E7B93}"
EndProject
Global
	GlobalSection(SolutionConfigurationPlatforms) = preSolution
		Debug|Any CPU = Debug|Any CPU
		Debug|ARM = Debug|ARM
		Debug|x64 = Debug|x64
		Debug|x86 = Debug|x86
		Release|Any CPU = Release|Any CPU
		Release|ARM = Release|ARM
		Release|x64 = Release|x64
		Release|x86 = Release|x86
	EndGlobalSection
	GlobalSection(ProjectConfigurationPlatforms) = postSolution
		{338154BB-0C23-4663-BD6B-D7C72DD15038}.Debug|Any CPU.ActiveCfg = Debug|Any CPU
		{338154BB-0C23-4663-BD6B-D7C72DD15038}.Debug|Any CPU.Build.0 = Debug|Any CPU
		{338154BB-0C23-4663-BD6B-D7C72DD15038}.Debug|ARM.ActiveCfg = Debug|Any CPU
		{338154BB-0C23-4663-BD6B-D7C72DD15038}.Debug|ARM.Build.0 = Debug|Any CPU
		{338154BB-0C23-4663-BD6B-D7C72DD15038}.Debug|x64.ActiveCfg = Debug|Any CPU
		{338154BB-0C23-4663-BD6B-D7C72DD15038}.Debug|x64.Build.0 = Debug|Any CPU
		{338154BB-0C23-4663-BD6B-D7C72DD15038}.Debug|x86.ActiveCfg = Debug|Any CPU
		{338154BB-0C23-4663-BD6B-D7C72DD15038}.Debug|x86.Build.0 = Debug|Any CPU
		{338154BB-0C23-4663-BD6B-D7C72DD15038}.Release|Any CPU.ActiveCfg = Release|Any CPU
		{338154BB-0C23-4663-BD6B-D7C72DD15038}.Release|Any CPU.Build.0 = Release|Any CPU
		{338154BB-0C23-4663-BD6B-D7C72DD15038}.Release|ARM.ActiveCfg = Release|Any CPU
		{338154BB-0C23-4663-BD6B-D7C72DD15038}.Release|ARM.Build.0 = Release|Any CPU
		{338154BB-0C23-4663-BD6B-D7C72DD15038}.Release|x64.ActiveCfg = Release|Any CPU
		{338154BB-0C23-4663-BD6B-D7C72DD15038}.Release|x64.Build.0 = Release|Any CPU
		{338154BB-0C23-4663-BD6B-D7C72DD15038}.Release|x86.ActiveCfg = Release|Any CPU
		{338154BB-0C23-4663-BD6B-D7C72DD15038}.Release|x86.Build.0 = Release|Any CPU
		{160C8752-82C8-48A5-9590-00EF55141A2B}.Debug|Any CPU.ActiveCfg = Debug|Any CPU
		{160C8752-82C8-48A5-9590-00EF55141A2B}.Debug|Any CPU.Build.0 = Debug|Any CPU
		{160C8752-82C8-48A5-9590-00EF55141A2B}.Debug|ARM.ActiveCfg = Debug|ARM
		{160C8752-82C8-48A5-9590-00EF55141A2B}.Debug|ARM.Build.0 = Debug|ARM
		{160C8752-82C8-48A5-9590-00EF55141A2B}.Debug|x64.ActiveCfg = Debug|x64
		{160C8752-82C8-48A5-9590-00EF55141A2B}.Debug|x64.Build.0 = Debug|x64
		{160C8752-82C8-48A5-9590-00EF55141A2B}.Debug|x86.ActiveCfg = Debug|x86
		{160C8752-82C8-48A5-9590-00EF55141A2B}.Debug|x86.Build.0 = Debug|x86
		{160C8752-82C8-48A5-9590-00EF55141A2B}.Release|Any CPU.ActiveCfg = Release|Any CPU
		{160C8752-82C8-48A5-9590-00EF55141A2B}.Release|Any CPU.Build.0 = Release|Any CPU
		{160C8752-82C8-48A5-9590-00EF55141A2B}.Release|ARM.ActiveCfg = Release|ARM
		{160C8752-82C8-48A5-9590-00EF55141A2B}.Release|ARM.Build.0 = Release|ARM
		{160C8752-82C8-48A5-9590-00EF55141A2B}.Release|x64.ActiveCfg = Release|x64
		{160C8752-82C8-48A5-9590-00EF55141A2B}.Release|x64.Build.0 = Release|x64
		{160C8752-82C8-48A5-9590-00EF55141A2B}.Release|x86.ActiveCfg = Release|x86
		{160C8752-82C8-48A5-9590-00EF55141A2B}.Release|x86.Build.0 = Release|x86
		{B80CE52B-2FBD-4F84-AEB7-88F4E9473846}.Debug|Any CPU.ActiveCfg = Debug|Any CPU
		{B80CE52B-2FBD-4F84-AEB7-88F4E9473846}.Debug|Any CPU.Build.0 = Debug|Any CPU
		{B80CE52B-2FBD-4F84-AEB7-88F4E9473846}.Debug|ARM.ActiveCfg = Debug|Any CPU
		{B80CE52B-2FBD-4F84-AEB7-88F4E9473846}.Debug|ARM.Build.0 = Debug|Any CPU
		{B80CE52B-2FBD-4F84-AEB7-88F4E9473846}.Debug|x64.ActiveCfg = Debug|Any CPU
		{B80CE52B-2FBD-4F84-AEB7-88F4E9473846}.Debug|x64.Build.0 = Debug|Any CPU
		{B80CE52B-2FBD-4F84-AEB7-88F4E9473846}.Debug|x86.ActiveCfg = Debug|Any CPU
		{B80CE52B-2FBD-4F84-AEB7-88F4E9473846}.Debug|x86.Build.0 = Debug|Any CPU
		{B80CE52B-2FBD-4F84-AEB7-88F4E9473846}.Release|Any CPU.ActiveCfg = Release|Any CPU
		{B80CE52B-2FBD-4F84-AEB7-88F4E9473846}.Release|Any CPU.Build.0 = Release|Any CPU
		{B80CE52B-2FBD-4F84-AEB7-88F4E9473846}.Release|ARM.ActiveCfg = Release|Any CPU
		{B80CE52B-2FBD-4F84-AEB7-88F4E9473846}.Release|ARM.Build.0 = Release|Any CPU
		{B80CE52B-2FBD-4F84-AEB7-88F4E9473846}.Release|x64.ActiveCfg = Release|Any CPU
		{B80CE52B-2FBD-4F84-AEB7-88F4E9473846}.Release|x64.Build.0 = Release|Any CPU
		{B80CE52B-2FBD-4F84-AEB7-88F4E9473846}.Release|x86.ActiveCfg = Release|Any CPU
		{B80CE52B-2FBD-4F84-AEB7-88F4E9473846}.Release|x86.Build.0 = Release|Any CPU
		{DD9C8259-6FC6-4CB9-9DC1-F0EE845C7527}.Debug|Any CPU.ActiveCfg = Debug|x86
		{DD9C8259-6FC6-4CB9-9DC1-F0EE845C7527}.Debug|ARM.ActiveCfg = Debug|ARM
		{DD9C8259-6FC6-4CB9-9DC1-F0EE845C7527}.Debug|ARM.Build.0 = Debug|ARM
		{DD9C8259-6FC6-4CB9-9DC1-F0EE845C7527}.Debug|ARM.Deploy.0 = Debug|ARM
		{DD9C8259-6FC6-4CB9-9DC1-F0EE845C7527}.Debug|x64.ActiveCfg = Debug|x64
		{DD9C8259-6FC6-4CB9-9DC1-F0EE845C7527}.Debug|x64.Build.0 = Debug|x64
		{DD9C8259-6FC6-4CB9-9DC1-F0EE845C7527}.Debug|x64.Deploy.0 = Debug|x64
		{DD9C8259-6FC6-4CB9-9DC1-F0EE845C7527}.Debug|x86.ActiveCfg = Debug|x86
		{DD9C8259-6FC6-4CB9-9DC1-F0EE845C7527}.Debug|x86.Build.0 = Debug|x86
		{DD9C8259-6FC6-4CB9-9DC1-F0EE845C7527}.Debug|x86.Deploy.0 = Debug|x86
		{DD9C8259-6FC6-4CB9-9DC1-F0EE845C7527}.Release|Any CPU.ActiveCfg = Release|x86
		{DD9C8259-6FC6-4CB9-9DC1-F0EE845C7527}.Release|ARM.ActiveCfg = Release|ARM
		{DD9C8259-6FC6-4CB9-9DC1-F0EE845C7527}.Release|ARM.Build.0 = Release|ARM
		{DD9C8259-6FC6-4CB9-9DC1-F0EE845C7527}.Release|ARM.Deploy.0 = Release|ARM
		{DD9C8259-6FC6-4CB9-9DC1-F0EE845C7527}.Release|x64.ActiveCfg = Release|x64
		{DD9C8259-6FC6-4CB9-9DC1-F0EE845C7527}.Release|x64.Build.0 = Release|x64
		{DD9C8259-6FC6-4CB9-9DC1-F0EE845C7527}.Release|x64.Deploy.0 = Release|x64
		{DD9C8259-6FC6-4CB9-9DC1-F0EE845C7527}.Release|x86.ActiveCfg = Release|x86
		{DD9C8259-6FC6-4CB9-9DC1-F0EE845C7527}.Release|x86.Build.0 = Release|x86
		{DD9C8259-6FC6-4CB9-9DC1-F0EE845C7527}.Release|x86.Deploy.0 = Release|x86
		{5E90B531-CBD8-4567-BA30-2936AE7F12AB}.Debug|Any CPU.ActiveCfg = Debug|Any CPU
		{5E90B531-CBD8-4567-BA30-2936AE7F12AB}.Debug|Any CPU.Build.0 = Debug|Any CPU
		{5E90B531-CBD8-4567-BA30-2936AE7F12AB}.Debug|ARM.ActiveCfg = Debug|Any CPU
		{5E90B531-CBD8-4567-BA30-2936AE7F12AB}.Debug|ARM.Build.0 = Debug|Any CPU
		{5E90B531-CBD8-4567-BA30-2936AE7F12AB}.Debug|x64.ActiveCfg = Debug|Any CPU
		{5E90B531-CBD8-4567-BA30-2936AE7F12AB}.Debug|x64.Build.0 = Debug|Any CPU
		{5E90B531-CBD8-4567-BA30-2936AE7F12AB}.Debug|x86.ActiveCfg = Debug|Any CPU
		{5E90B531-CBD8-4567-BA30-2936AE7F12AB}.Debug|x86.Build.0 = Debug|Any CPU
		{5E90B531-CBD8-4567-BA30-2936AE7F12AB}.Release|Any CPU.ActiveCfg = Release|Any CPU
		{5E90B531-CBD8-4567-BA30-2936AE7F12AB}.Release|Any CPU.Build.0 = Release|Any CPU
		{5E90B531-CBD8-4567-BA30-2936AE7F12AB}.Release|ARM.ActiveCfg = Release|Any CPU
		{5E90B531-CBD8-4567-BA30-2936AE7F12AB}.Release|ARM.Build.0 = Release|Any CPU
		{5E90B531-CBD8-4567-BA30-2936AE7F12AB}.Release|x64.ActiveCfg = Release|Any CPU
		{5E90B531-CBD8-4567-BA30-2936AE7F12AB}.Release|x64.Build.0 = Release|Any CPU
		{5E90B531-CBD8-4567-BA30-2936AE7F12AB}.Release|x86.ActiveCfg = Release|Any CPU
		{5E90B531-CBD8-4567-BA30-2936AE7F12AB}.Release|x86.Build.0 = Release|Any CPU
		{0106470C-88B5-4DE3-8F4D-ADD749B6575A}.Debug|Any CPU.ActiveCfg = Debug|x86
		{0106470C-88B5-4DE3-8F4D-ADD749B6575A}.Debug|Any CPU.Build.0 = Debug|x86
		{0106470C-88B5-4DE3-8F4D-ADD749B6575A}.Debug|Any CPU.Deploy.0 = Debug|x86
		{0106470C-88B5-4DE3-8F4D-ADD749B6575A}.Debug|ARM.ActiveCfg = Debug|ARM
		{0106470C-88B5-4DE3-8F4D-ADD749B6575A}.Debug|ARM.Build.0 = Debug|ARM
		{0106470C-88B5-4DE3-8F4D-ADD749B6575A}.Debug|ARM.Deploy.0 = Debug|ARM
		{0106470C-88B5-4DE3-8F4D-ADD749B6575A}.Debug|x64.ActiveCfg = Debug|x64
		{0106470C-88B5-4DE3-8F4D-ADD749B6575A}.Debug|x64.Build.0 = Debug|x64
		{0106470C-88B5-4DE3-8F4D-ADD749B6575A}.Debug|x64.Deploy.0 = Debug|x64
		{0106470C-88B5-4DE3-8F4D-ADD749B6575A}.Debug|x86.ActiveCfg = Debug|x86
		{0106470C-88B5-4DE3-8F4D-ADD749B6575A}.Debug|x86.Build.0 = Debug|x86
		{0106470C-88B5-4DE3-8F4D-ADD749B6575A}.Debug|x86.Deploy.0 = Debug|x86
		{0106470C-88B5-4DE3-8F4D-ADD749B6575A}.Release|Any CPU.ActiveCfg = Release|x86
		{0106470C-88B5-4DE3-8F4D-ADD749B6575A}.Release|ARM.ActiveCfg = Release|ARM
		{0106470C-88B5-4DE3-8F4D-ADD749B6575A}.Release|ARM.Build.0 = Release|ARM
		{0106470C-88B5-4DE3-8F4D-ADD749B6575A}.Release|ARM.Deploy.0 = Release|ARM
		{0106470C-88B5-4DE3-8F4D-ADD749B6575A}.Release|x64.ActiveCfg = Release|x64
		{0106470C-88B5-4DE3-8F4D-ADD749B6575A}.Release|x64.Build.0 = Release|x64
		{0106470C-88B5-4DE3-8F4D-ADD749B6575A}.Release|x64.Deploy.0 = Release|x64
		{0106470C-88B5-4DE3-8F4D-ADD749B6575A}.Release|x86.ActiveCfg = Release|x86
		{0106470C-88B5-4DE3-8F4D-ADD749B6575A}.Release|x86.Build.0 = Release|x86
		{0106470C-88B5-4DE3-8F4D-ADD749B6575A}.Release|x86.Deploy.0 = Release|x86
		{5B3ECC75-3172-4FE0-865C-3BACF3730C9D}.Debug|Any CPU.ActiveCfg = Debug|Any CPU
		{5B3ECC75-3172-4FE0-865C-3BACF3730C9D}.Debug|Any CPU.Build.0 = Debug|Any CPU
		{5B3ECC75-3172-4FE0-865C-3BACF3730C9D}.Debug|ARM.ActiveCfg = Debug|Any CPU
		{5B3ECC75-3172-4FE0-865C-3BACF3730C9D}.Debug|ARM.Build.0 = Debug|Any CPU
		{5B3ECC75-3172-4FE0-865C-3BACF3730C9D}.Debug|x64.ActiveCfg = Debug|Any CPU
		{5B3ECC75-3172-4FE0-865C-3BACF3730C9D}.Debug|x64.Build.0 = Debug|Any CPU
		{5B3ECC75-3172-4FE0-865C-3BACF3730C9D}.Debug|x86.ActiveCfg = Debug|Any CPU
		{5B3ECC75-3172-4FE0-865C-3BACF3730C9D}.Debug|x86.Build.0 = Debug|Any CPU
		{5B3ECC75-3172-4FE0-865C-3BACF3730C9D}.Release|Any CPU.ActiveCfg = Release|Any CPU
		{5B3ECC75-3172-4FE0-865C-3BACF3730C9D}.Release|Any CPU.Build.0 = Release|Any CPU
		{5B3ECC75-3172-4FE0-865C-3BACF3730C9D}.Release|ARM.ActiveCfg = Release|Any CPU
		{5B3ECC75-3172-4FE0-865C-3BACF3730C9D}.Release|ARM.Build.0 = Release|Any CPU
		{5B3ECC75-3172-4FE0-865C-3BACF3730C9D}.Release|x64.ActiveCfg = Release|Any CPU
		{5B3ECC75-3172-4FE0-865C-3BACF3730C9D}.Release|x64.Build.0 = Release|Any CPU
		{5B3ECC75-3172-4FE0-865C-3BACF3730C9D}.Release|x86.ActiveCfg = Release|Any CPU
		{5B3ECC75-3172-4FE0-865C-3BACF3730C9D}.Release|x86.Build.0 = Release|Any CPU
		{379AA26E-1089-49BB-91D7-1C7A2FE45D1A}.Debug|Any CPU.ActiveCfg = Debug|x86
		{379AA26E-1089-49BB-91D7-1C7A2FE45D1A}.Debug|ARM.ActiveCfg = Debug|ARM
		{379AA26E-1089-49BB-91D7-1C7A2FE45D1A}.Debug|ARM.Build.0 = Debug|ARM
		{379AA26E-1089-49BB-91D7-1C7A2FE45D1A}.Debug|ARM.Deploy.0 = Debug|ARM
		{379AA26E-1089-49BB-91D7-1C7A2FE45D1A}.Debug|x64.ActiveCfg = Debug|x64
		{379AA26E-1089-49BB-91D7-1C7A2FE45D1A}.Debug|x64.Build.0 = Debug|x64
		{379AA26E-1089-49BB-91D7-1C7A2FE45D1A}.Debug|x64.Deploy.0 = Debug|x64
		{379AA26E-1089-49BB-91D7-1C7A2FE45D1A}.Debug|x86.ActiveCfg = Debug|x86
		{379AA26E-1089-49BB-91D7-1C7A2FE45D1A}.Debug|x86.Build.0 = Debug|x86
		{379AA26E-1089-49BB-91D7-1C7A2FE45D1A}.Debug|x86.Deploy.0 = Debug|x86
		{379AA26E-1089-49BB-91D7-1C7A2FE45D1A}.Release|Any CPU.ActiveCfg = Release|x86
		{379AA26E-1089-49BB-91D7-1C7A2FE45D1A}.Release|ARM.ActiveCfg = Release|ARM
		{379AA26E-1089-49BB-91D7-1C7A2FE45D1A}.Release|ARM.Build.0 = Release|ARM
		{379AA26E-1089-49BB-91D7-1C7A2FE45D1A}.Release|ARM.Deploy.0 = Release|ARM
		{379AA26E-1089-49BB-91D7-1C7A2FE45D1A}.Release|x64.ActiveCfg = Release|x64
		{379AA26E-1089-49BB-91D7-1C7A2FE45D1A}.Release|x64.Build.0 = Release|x64
		{379AA26E-1089-49BB-91D7-1C7A2FE45D1A}.Release|x64.Deploy.0 = Release|x64
		{379AA26E-1089-49BB-91D7-1C7A2FE45D1A}.Release|x86.ActiveCfg = Release|x86
		{379AA26E-1089-49BB-91D7-1C7A2FE45D1A}.Release|x86.Build.0 = Release|x86
		{379AA26E-1089-49BB-91D7-1C7A2FE45D1A}.Release|x86.Deploy.0 = Release|x86
		{64B18241-80F4-40FF-B544-B6887EE26A0B}.Debug|Any CPU.ActiveCfg = Debug|x86
		{64B18241-80F4-40FF-B544-B6887EE26A0B}.Debug|ARM.ActiveCfg = Debug|ARM
		{64B18241-80F4-40FF-B544-B6887EE26A0B}.Debug|ARM.Build.0 = Debug|ARM
		{64B18241-80F4-40FF-B544-B6887EE26A0B}.Debug|ARM.Deploy.0 = Debug|ARM
		{64B18241-80F4-40FF-B544-B6887EE26A0B}.Debug|x64.ActiveCfg = Debug|x64
		{64B18241-80F4-40FF-B544-B6887EE26A0B}.Debug|x64.Build.0 = Debug|x64
		{64B18241-80F4-40FF-B544-B6887EE26A0B}.Debug|x64.Deploy.0 = Debug|x64
		{64B18241-80F4-40FF-B544-B6887EE26A0B}.Debug|x86.ActiveCfg = Debug|ARM
		{64B18241-80F4-40FF-B544-B6887EE26A0B}.Debug|x86.Build.0 = Debug|ARM
		{64B18241-80F4-40FF-B544-B6887EE26A0B}.Debug|x86.Deploy.0 = Debug|ARM
		{64B18241-80F4-40FF-B544-B6887EE26A0B}.Release|Any CPU.ActiveCfg = Release|x86
		{64B18241-80F4-40FF-B544-B6887EE26A0B}.Release|ARM.ActiveCfg = Release|ARM
		{64B18241-80F4-40FF-B544-B6887EE26A0B}.Release|ARM.Build.0 = Release|ARM
		{64B18241-80F4-40FF-B544-B6887EE26A0B}.Release|ARM.Deploy.0 = Release|ARM
		{64B18241-80F4-40FF-B544-B6887EE26A0B}.Release|x64.ActiveCfg = Release|x64
		{64B18241-80F4-40FF-B544-B6887EE26A0B}.Release|x64.Build.0 = Release|x64
		{64B18241-80F4-40FF-B544-B6887EE26A0B}.Release|x64.Deploy.0 = Release|x64
		{64B18241-80F4-40FF-B544-B6887EE26A0B}.Release|x86.ActiveCfg = Release|x86
		{64B18241-80F4-40FF-B544-B6887EE26A0B}.Release|x86.Build.0 = Release|x86
		{64B18241-80F4-40FF-B544-B6887EE26A0B}.Release|x86.Deploy.0 = Release|x86
		{C8B3E4FD-E031-49FB-9687-60D5850E7B93}.Debug|Any CPU.ActiveCfg = Debug|x86
		{C8B3E4FD-E031-49FB-9687-60D5850E7B93}.Debug|ARM.ActiveCfg = Debug|ARM
		{C8B3E4FD-E031-49FB-9687-60D5850E7B93}.Debug|ARM.Build.0 = Debug|ARM
		{C8B3E4FD-E031-49FB-9687-60D5850E7B93}.Debug|ARM.Deploy.0 = Debug|ARM
		{C8B3E4FD-E031-49FB-9687-60D5850E7B93}.Debug|x64.ActiveCfg = Debug|x64
		{C8B3E4FD-E031-49FB-9687-60D5850E7B93}.Debug|x64.Build.0 = Debug|x64
		{C8B3E4FD-E031-49FB-9687-60D5850E7B93}.Debug|x64.Deploy.0 = Debug|x64
		{C8B3E4FD-E031-49FB-9687-60D5850E7B93}.Debug|x86.ActiveCfg = Debug|x86
		{C8B3E4FD-E031-49FB-9687-60D5850E7B93}.Debug|x86.Build.0 = Debug|x86
		{C8B3E4FD-E031-49FB-9687-60D5850E7B93}.Debug|x86.Deploy.0 = Debug|x86
		{C8B3E4FD-E031-49FB-9687-60D5850E7B93}.Release|Any CPU.ActiveCfg = Release|x86
		{C8B3E4FD-E031-49FB-9687-60D5850E7B93}.Release|ARM.ActiveCfg = Release|ARM
		{C8B3E4FD-E031-49FB-9687-60D5850E7B93}.Release|ARM.Build.0 = Release|ARM
		{C8B3E4FD-E031-49FB-9687-60D5850E7B93}.Release|ARM.Deploy.0 = Release|ARM
		{C8B3E4FD-E031-49FB-9687-60D5850E7B93}.Release|x64.ActiveCfg = Release|x64
		{C8B3E4FD-E031-49FB-9687-60D5850E7B93}.Release|x64.Build.0 = Release|x64
		{C8B3E4FD-E031-49FB-9687-60D5850E7B93}.Release|x64.Deploy.0 = Release|x64
		{C8B3E4FD-E031-49FB-9687-60D5850E7B93}.Release|x86.ActiveCfg = Release|x86
		{C8B3E4FD-E031-49FB-9687-60D5850E7B93}.Release|x86.Build.0 = Release|x86
		{C8B3E4FD-E031-49FB-9687-60D5850E7B93}.Release|x86.Deploy.0 = Release|x86
	EndGlobalSection
	GlobalSection(SolutionProperties) = preSolution
		HideSolutionNode = FALSE
	EndGlobalSection
	GlobalSection(NestedProjects) = preSolution
		{5B3ECC75-3172-4FE0-865C-3BACF3730C9D} = {942FB9B0-E3A0-454F-B24E-1006DA4E1E3A}
		{379AA26E-1089-49BB-91D7-1C7A2FE45D1A} = {942FB9B0-E3A0-454F-B24E-1006DA4E1E3A}
	EndGlobalSection
	GlobalSection(TeamFoundationVersionControl) = preSolution
		SccNumberOfProjects = 11
		SccEnterpriseProvider = {4CA58AB2-18FA-4F8D-95D4-32DDF27D184C}
		SccTeamFoundationServer = https://raspi2.visualstudio.com/defaultcollection
		SccLocalPath0 = .
		SccProjectUniqueName1 = libShared\\libShared.csproj
		SccProjectName1 = libShared
		SccLocalPath1 = libShared
		SccProjectUniqueName2 = libCore\\libCore.csproj
		SccProjectName2 = libCore
		SccLocalPath2 = libCore
		SccProjectUniqueName3 = libDesktop\\libDesktop.csproj
		SccProjectName3 = libDesktop
		SccLocalPath3 = libDesktop
		SccProjectUniqueName4 = AppRaspi2\\AppRaspi2.csproj
		SccProjectName4 = AppRaspi2
		SccLocalPath4 = AppRaspi2
		SccProjectUniqueName5 = AppWpf\\AppWpf.csproj
		SccProjectName5 = AppWpf
		SccLocalPath5 = AppWpf
		SccProjectUniqueName6 = AppUwaInterfacesDemo\\AppUwaInterfacesDemoV1.csproj
		SccProjectTopLevelParentUniqueName6 = Raspi2Projects.sln
		SccProjectName6 = AppUwaInterfacesDemo
		SccLocalPath6 = AppUwaInterfacesDemo
		SccProjectUniqueName7 = AppWpfInterfacesDemo\\AppWpfInterfacesDemoV1.csproj
		SccProjectTopLevelParentUniqueName7 = Raspi2Projects.sln
		SccProjectName7 = AppWpfInterfacesDemo
		SccLocalPath7 = AppWpfInterfacesDemo
		SccProjectUniqueName8 = App_IO_Demo\\App_IO_Demo.csproj
		SccProjectName8 = App_IO_Demo
		SccLocalPath8 = App_IO_Demo
		SccProjectUniqueName9 = RGB_Demo\\RGB_Demo.csproj
		SccProjectName9 = RGB_Demo
		SccLocalPath9 = RGB_Demo
		SccProjectUniqueName10 = WebServer\\SmartHomeController.csproj
		SccProjectName10 = WebServer
		SccLocalPath10 = WebServer
	EndGlobalSection
EndGlobal
