
Microsoft Visual Studio Solution File, Format Version 12.00
# Visual Studio 14
VisualStudioVersion = 14.0.25420.1
MinimumVisualStudioVersion = 10.0.40219.1
Project("{FAE04EC0-301F-11D3-BF4B-00C04F79EFBC}") = "libShared", "libShared\libShared.csproj", "{338154BB-0C23-4663-BD6B-D7C72DD15038}"
EndProject
Project("{FAE04EC0-301F-11D3-BF4B-00C04F79EFBC}") = "libCore", "libCore\libCore.csproj", "{160C8752-82C8-48A5-9590-00EF55141A2B}"
EndProject
Project("{FAE04EC0-301F-11D3-BF4B-00C04F79EFBC}") = "libDesktop", "libDesktop\libDesktop.csproj", "{B80CE52B-2FBD-4F84-AEB7-88F4E9473846}"
EndProject
Project("{FAE04EC0-301F-11D3-BF4B-00C04F79EFBC}") = "AppRaspi2", "AppRaspi2\AppRaspi2.csproj", "{DD9C8259-6FC6-4CB9-9DC1-F0EE845C7527}"
EndProject
Project("{FAE04EC0-301F-11D3-BF4B-00C04F79EFBC}") = "AppWpf", "AppWpf\AppWpf.csproj", "{5E90B531-CBD8-4567-BA30-2936AE7F12AB}"
EndProject
Project("{FAE04EC0-301F-11D3-BF4B-00C04F79EFBC}") = "AppWpfInterfacesDemoV1", "AppWpfInterfacesDemo\AppWpfInterfacesDemoV1.csproj", "{5B3ECC75-3172-4FE0-865C-3BACF3730C9D}"
EndProject
Project("{FAE04EC0-301F-11D3-BF4B-00C04F79EFBC}") = "AppUwaInterfacesDemoV1", "AppUwaInterfacesDemo\AppUwaInterfacesDemoV1.csproj", "{379AA26E-1089-49BB-91D7-1C7A2FE45D1A}"
EndProject
Project("{2150E333-8FDC-42A3-9474-1A3956D46DE8}") = "InterfacesDemo", "InterfacesDemo", "{942FB9B0-E3A0-454F-B24E-1006DA4E1E3A}"
EndProject
Project("{FAE04EC0-301F-11D3-BF4B-00C04F79EFBC}") = "App_IO_Demo", "App_IO_Demo\App_IO_Demo.csproj", "{64B18241-80F4-40FF-B544-B6887EE26A0B}"
EndProject
Project("{FAE04EC0-301F-11D3-BF4B-00C04F79EFBC}") = "RGB_Demo", "RGB_Demo\RGB_Demo.csproj", "{C8B3E4FD-E031-49FB-9687-60D5850E7B93}"
EndProject
Project("{FAE04EC0-301F-11D3-BF4B-00C04F79EFBC}") = "SmartHomeController", "SmartHomeController\SmartHomeController.csproj", "{0106470C-88B5-4DE3-8F4D-ADD749B6575A}"
EndProject
Project("{FAE04EC0-301F-11D3-BF4B-00C04F79EFBC}") = "AppSimpleServer", "AppSimpleServer\AppSimpleServer.csproj", "{58ACC36C-5F39-4F4F-B446-EDEEF6F5E08A}"
EndProject
Project("{FAE04EC0-301F-11D3-BF4B-00C04F79EFBC}") = "AppWpfSimpleClient", "AppWpfSimpleClient\AppWpfSimpleClient.csproj", "{F8A07AEB-0B43-4274-80FF-3917CBE6C48C}"
EndProject
Project("{D954291E-2A0B-460D-934E-DC6B0785DB48}") = "libSharedProject", "libSharedProject\libSharedProject.shproj", "{4BBFCC8B-5DDC-4D8D-A998-4D67C343C309}"
EndProject
Project("{FAE04EC0-301F-11D3-BF4B-00C04F79EFBC}") = "AppWpfToolkit", "AppWpfToolkit\AppWpfToolkit.csproj", "{67B3DB3E-9F49-4CC5-A54F-F88C8738A1F7}"
EndProject
Project("{2150E333-8FDC-42A3-9474-1A3956D46DE8}") = "HardwareNah", "HardwareNah", "{09A00DD9-FB0C-4967-B126-4963000151EC}"
EndProject
Project("{FAE04EC0-301F-11D3-BF4B-00C04F79EFBC}") = "HDD_Tests", "HDD_Tests\HDD_Tests.csproj", "{3D63DC77-746D-443E-A065-9D37D2083DA5}"
EndProject
Project("{FAE04EC0-301F-11D3-BF4B-00C04F79EFBC}") = "StripeDemo", "StripeDemo\StripeDemo.csproj", "{BF014568-523F-4D07-855A-23567F52200A}"
EndProject
Project("{2150E333-8FDC-42A3-9474-1A3956D46DE8}") = "SolutionItems", "SolutionItems", "{583436FC-2EFD-43E1-A209-F3D741D14B75}"
	ProjectSection(SolutionItems) = preProject
		.gitignore = .gitignore
		Readme.md = Readme.md
	EndProjectSection
EndProject
Global
	GlobalSection(SharedMSBuildProjectFiles) = preSolution
		libSharedProject\libSharedProject.projitems*{338154bb-0c23-4663-bd6b-d7c72dd15038}*SharedItemsImports = 4
		libSharedProject\libSharedProject.projitems*{4bbfcc8b-5ddc-4d8d-a998-4d67c343c309}*SharedItemsImports = 13
		libSharedProject\libSharedProject.projitems*{64b18241-80f4-40ff-b544-b6887ee26a0b}*SharedItemsImports = 4
		libSharedProject\libSharedProject.projitems*{f8a07aeb-0b43-4274-80ff-3917cbe6c48c}*SharedItemsImports = 4
	EndGlobalSection
	GlobalSection(SolutionConfigurationPlatforms) = preSolution
		Debug|Any CPU = Debug|Any CPU
		Debug|ARM = Debug|ARM
		Debug|x64 = Debug|x64
		Debug|x86 = Debug|x86
		Release|Any CPU = Release|Any CPU
		Release|ARM = Release|ARM
		Release|x64 = Release|x64
		Release|x86 = Release|x86
	EndGlobalSection
	GlobalSection(ProjectConfigurationPlatforms) = postSolution
		{338154BB-0C23-4663-BD6B-D7C72DD15038}.Debug|Any CPU.ActiveCfg = Debug|Any CPU
		{338154BB-0C23-4663-BD6B-D7C72DD15038}.Debug|Any CPU.Build.0 = Debug|Any CPU
		{338154BB-0C23-4663-BD6B-D7C72DD15038}.Debug|ARM.ActiveCfg = Debug|Any CPU
		{338154BB-0C23-4663-BD6B-D7C72DD15038}.Debug|ARM.Build.0 = Debug|Any CPU
		{338154BB-0C23-4663-BD6B-D7C72DD15038}.Debug|x64.ActiveCfg = Debug|Any CPU
		{338154BB-0C23-4663-BD6B-D7C72DD15038}.Debug|x64.Build.0 = Debug|Any CPU
		{338154BB-0C23-4663-BD6B-D7C72DD15038}.Debug|x86.ActiveCfg = Debug|Any CPU
		{338154BB-0C23-4663-BD6B-D7C72DD15038}.Debug|x86.Build.0 = Debug|Any CPU
		{338154BB-0C23-4663-BD6B-D7C72DD15038}.Release|Any CPU.ActiveCfg = Release|Any CPU
		{338154BB-0C23-4663-BD6B-D7C72DD15038}.Release|Any CPU.Build.0 = Release|Any CPU
		{338154BB-0C23-4663-BD6B-D7C72DD15038}.Release|ARM.ActiveCfg = Release|Any CPU
		{338154BB-0C23-4663-BD6B-D7C72DD15038}.Release|ARM.Build.0 = Release|Any CPU
		{338154BB-0C23-4663-BD6B-D7C72DD15038}.Release|x64.ActiveCfg = Release|Any CPU
		{338154BB-0C23-4663-BD6B-D7C72DD15038}.Release|x64.Build.0 = Release|Any CPU
		{338154BB-0C23-4663-BD6B-D7C72DD15038}.Release|x86.ActiveCfg = Release|Any CPU
		{338154BB-0C23-4663-BD6B-D7C72DD15038}.Release|x86.Build.0 = Release|Any CPU
		{160C8752-82C8-48A5-9590-00EF55141A2B}.Debug|Any CPU.ActiveCfg = Debug|Any CPU
		{160C8752-82C8-48A5-9590-00EF55141A2B}.Debug|Any CPU.Build.0 = Debug|Any CPU
		{160C8752-82C8-48A5-9590-00EF55141A2B}.Debug|ARM.ActiveCfg = Debug|ARM
		{160C8752-82C8-48A5-9590-00EF55141A2B}.Debug|ARM.Build.0 = Debug|ARM
		{160C8752-82C8-48A5-9590-00EF55141A2B}.Debug|x64.ActiveCfg = Debug|x64
		{160C8752-82C8-48A5-9590-00EF55141A2B}.Debug|x64.Build.0 = Debug|x64
		{160C8752-82C8-48A5-9590-00EF55141A2B}.Debug|x86.ActiveCfg = Debug|x86
		{160C8752-82C8-48A5-9590-00EF55141A2B}.Debug|x86.Build.0 = Debug|x86
		{160C8752-82C8-48A5-9590-00EF55141A2B}.Release|Any CPU.ActiveCfg = Release|Any CPU
		{160C8752-82C8-48A5-9590-00EF55141A2B}.Release|Any CPU.Build.0 = Release|Any CPU
		{160C8752-82C8-48A5-9590-00EF55141A2B}.Release|ARM.ActiveCfg = Release|ARM
		{160C8752-82C8-48A5-9590-00EF55141A2B}.Release|ARM.Build.0 = Release|ARM
		{160C8752-82C8-48A5-9590-00EF55141A2B}.Release|x64.ActiveCfg = Release|x64
		{160C8752-82C8-48A5-9590-00EF55141A2B}.Release|x64.Build.0 = Release|x64
		{160C8752-82C8-48A5-9590-00EF55141A2B}.Release|x86.ActiveCfg = Release|x86
		{160C8752-82C8-48A5-9590-00EF55141A2B}.Release|x86.Build.0 = Release|x86
		{B80CE52B-2FBD-4F84-AEB7-88F4E9473846}.Debug|Any CPU.ActiveCfg = Debug|Any CPU
		{B80CE52B-2FBD-4F84-AEB7-88F4E9473846}.Debug|Any CPU.Build.0 = Debug|Any CPU
		{B80CE52B-2FBD-4F84-AEB7-88F4E9473846}.Debug|ARM.ActiveCfg = Debug|Any CPU
		{B80CE52B-2FBD-4F84-AEB7-88F4E9473846}.Debug|ARM.Build.0 = Debug|Any CPU
		{B80CE52B-2FBD-4F84-AEB7-88F4E9473846}.Debug|x64.ActiveCfg = Debug|Any CPU
		{B80CE52B-2FBD-4F84-AEB7-88F4E9473846}.Debug|x64.Build.0 = Debug|Any CPU
		{B80CE52B-2FBD-4F84-AEB7-88F4E9473846}.Debug|x86.ActiveCfg = Debug|Any CPU
		{B80CE52B-2FBD-4F84-AEB7-88F4E9473846}.Debug|x86.Build.0 = Debug|Any CPU
		{B80CE52B-2FBD-4F84-AEB7-88F4E9473846}.Release|Any CPU.ActiveCfg = Release|Any CPU
		{B80CE52B-2FBD-4F84-AEB7-88F4E9473846}.Release|Any CPU.Build.0 = Release|Any CPU
		{B80CE52B-2FBD-4F84-AEB7-88F4E9473846}.Release|ARM.ActiveCfg = Release|Any CPU
		{B80CE52B-2FBD-4F84-AEB7-88F4E9473846}.Release|ARM.Build.0 = Release|Any CPU
		{B80CE52B-2FBD-4F84-AEB7-88F4E9473846}.Release|x64.ActiveCfg = Release|Any CPU
		{B80CE52B-2FBD-4F84-AEB7-88F4E9473846}.Release|x64.Build.0 = Release|Any CPU
		{B80CE52B-2FBD-4F84-AEB7-88F4E9473846}.Release|x86.ActiveCfg = Release|Any CPU
		{B80CE52B-2FBD-4F84-AEB7-88F4E9473846}.Release|x86.Build.0 = Release|Any CPU
		{DD9C8259-6FC6-4CB9-9DC1-F0EE845C7527}.Debug|Any CPU.ActiveCfg = Debug|x86
		{DD9C8259-6FC6-4CB9-9DC1-F0EE845C7527}.Debug|ARM.ActiveCfg = Debug|ARM
		{DD9C8259-6FC6-4CB9-9DC1-F0EE845C7527}.Debug|ARM.Build.0 = Debug|ARM
		{DD9C8259-6FC6-4CB9-9DC1-F0EE845C7527}.Debug|ARM.Deploy.0 = Debug|ARM
		{DD9C8259-6FC6-4CB9-9DC1-F0EE845C7527}.Debug|x64.ActiveCfg = Debug|x64
		{DD9C8259-6FC6-4CB9-9DC1-F0EE845C7527}.Debug|x64.Build.0 = Debug|x64
		{DD9C8259-6FC6-4CB9-9DC1-F0EE845C7527}.Debug|x64.Deploy.0 = Debug|x64
		{DD9C8259-6FC6-4CB9-9DC1-F0EE845C7527}.Debug|x86.ActiveCfg = Debug|x86
		{DD9C8259-6FC6-4CB9-9DC1-F0EE845C7527}.Debug|x86.Build.0 = Debug|x86
		{DD9C8259-6FC6-4CB9-9DC1-F0EE845C7527}.Debug|x86.Deploy.0 = Debug|x86
		{DD9C8259-6FC6-4CB9-9DC1-F0EE845C7527}.Release|Any CPU.ActiveCfg = Release|x86
		{DD9C8259-6FC6-4CB9-9DC1-F0EE845C7527}.Release|ARM.ActiveCfg = Release|ARM
		{DD9C8259-6FC6-4CB9-9DC1-F0EE845C7527}.Release|ARM.Build.0 = Release|ARM
		{DD9C8259-6FC6-4CB9-9DC1-F0EE845C7527}.Release|ARM.Deploy.0 = Release|ARM
		{DD9C8259-6FC6-4CB9-9DC1-F0EE845C7527}.Release|x64.ActiveCfg = Release|x64
		{DD9C8259-6FC6-4CB9-9DC1-F0EE845C7527}.Release|x64.Build.0 = Release|x64
		{DD9C8259-6FC6-4CB9-9DC1-F0EE845C7527}.Release|x64.Deploy.0 = Release|x64
		{DD9C8259-6FC6-4CB9-9DC1-F0EE845C7527}.Release|x86.ActiveCfg = Release|x86
		{DD9C8259-6FC6-4CB9-9DC1-F0EE845C7527}.Release|x86.Build.0 = Release|x86
		{DD9C8259-6FC6-4CB9-9DC1-F0EE845C7527}.Release|x86.Deploy.0 = Release|x86
		{5E90B531-CBD8-4567-BA30-2936AE7F12AB}.Debug|Any CPU.ActiveCfg = Debug|Any CPU
		{5E90B531-CBD8-4567-BA30-2936AE7F12AB}.Debug|Any CPU.Build.0 = Debug|Any CPU
		{5E90B531-CBD8-4567-BA30-2936AE7F12AB}.Debug|ARM.ActiveCfg = Debug|Any CPU
		{5E90B531-CBD8-4567-BA30-2936AE7F12AB}.Debug|ARM.Build.0 = Debug|Any CPU
		{5E90B531-CBD8-4567-BA30-2936AE7F12AB}.Debug|x64.ActiveCfg = Debug|Any CPU
		{5E90B531-CBD8-4567-BA30-2936AE7F12AB}.Debug|x64.Build.0 = Debug|Any CPU
		{5E90B531-CBD8-4567-BA30-2936AE7F12AB}.Debug|x86.ActiveCfg = Debug|Any CPU
		{5E90B531-CBD8-4567-BA30-2936AE7F12AB}.Debug|x86.Build.0 = Debug|Any CPU
		{5E90B531-CBD8-4567-BA30-2936AE7F12AB}.Release|Any CPU.ActiveCfg = Release|Any CPU
		{5E90B531-CBD8-4567-BA30-2936AE7F12AB}.Release|Any CPU.Build.0 = Release|Any CPU
		{5E90B531-CBD8-4567-BA30-2936AE7F12AB}.Release|ARM.ActiveCfg = Release|Any CPU
		{5E90B531-CBD8-4567-BA30-2936AE7F12AB}.Release|ARM.Build.0 = Release|Any CPU
		{5E90B531-CBD8-4567-BA30-2936AE7F12AB}.Release|x64.ActiveCfg = Release|Any CPU
		{5E90B531-CBD8-4567-BA30-2936AE7F12AB}.Release|x64.Build.0 = Release|Any CPU
		{5E90B531-CBD8-4567-BA30-2936AE7F12AB}.Release|x86.ActiveCfg = Release|Any CPU
		{5E90B531-CBD8-4567-BA30-2936AE7F12AB}.Release|x86.Build.0 = Release|Any CPU
		{5B3ECC75-3172-4FE0-865C-3BACF3730C9D}.Debug|Any CPU.ActiveCfg = Debug|Any CPU
		{5B3ECC75-3172-4FE0-865C-3BACF3730C9D}.Debug|Any CPU.Build.0 = Debug|Any CPU
		{5B3ECC75-3172-4FE0-865C-3BACF3730C9D}.Debug|ARM.ActiveCfg = Debug|Any CPU
		{5B3ECC75-3172-4FE0-865C-3BACF3730C9D}.Debug|ARM.Build.0 = Debug|Any CPU
		{5B3ECC75-3172-4FE0-865C-3BACF3730C9D}.Debug|x64.ActiveCfg = Debug|Any CPU
		{5B3ECC75-3172-4FE0-865C-3BACF3730C9D}.Debug|x64.Build.0 = Debug|Any CPU
		{5B3ECC75-3172-4FE0-865C-3BACF3730C9D}.Debug|x86.ActiveCfg = Debug|Any CPU
		{5B3ECC75-3172-4FE0-865C-3BACF3730C9D}.Debug|x86.Build.0 = Debug|Any CPU
		{5B3ECC75-3172-4FE0-865C-3BACF3730C9D}.Release|Any CPU.ActiveCfg = Release|Any CPU
		{5B3ECC75-3172-4FE0-865C-3BACF3730C9D}.Release|Any CPU.Build.0 = Release|Any CPU
		{5B3ECC75-3172-4FE0-865C-3BACF3730C9D}.Release|ARM.ActiveCfg = Release|Any CPU
		{5B3ECC75-3172-4FE0-865C-3BACF3730C9D}.Release|ARM.Build.0 = Release|Any CPU
		{5B3ECC75-3172-4FE0-865C-3BACF3730C9D}.Release|x64.ActiveCfg = Release|Any CPU
		{5B3ECC75-3172-4FE0-865C-3BACF3730C9D}.Release|x64.Build.0 = Release|Any CPU
		{5B3ECC75-3172-4FE0-865C-3BACF3730C9D}.Release|x86.ActiveCfg = Release|Any CPU
		{5B3ECC75-3172-4FE0-865C-3BACF3730C9D}.Release|x86.Build.0 = Release|Any CPU
		{379AA26E-1089-49BB-91D7-1C7A2FE45D1A}.Debug|Any CPU.ActiveCfg = Debug|x86
		{379AA26E-1089-49BB-91D7-1C7A2FE45D1A}.Debug|ARM.ActiveCfg = Debug|ARM
		{379AA26E-1089-49BB-91D7-1C7A2FE45D1A}.Debug|ARM.Build.0 = Debug|ARM
		{379AA26E-1089-49BB-91D7-1C7A2FE45D1A}.Debug|ARM.Deploy.0 = Debug|ARM
		{379AA26E-1089-49BB-91D7-1C7A2FE45D1A}.Debug|x64.ActiveCfg = Debug|x64
		{379AA26E-1089-49BB-91D7-1C7A2FE45D1A}.Debug|x64.Build.0 = Debug|x64
		{379AA26E-1089-49BB-91D7-1C7A2FE45D1A}.Debug|x64.Deploy.0 = Debug|x64
		{379AA26E-1089-49BB-91D7-1C7A2FE45D1A}.Debug|x86.ActiveCfg = Debug|x86
		{379AA26E-1089-49BB-91D7-1C7A2FE45D1A}.Debug|x86.Build.0 = Debug|x86
		{379AA26E-1089-49BB-91D7-1C7A2FE45D1A}.Debug|x86.Deploy.0 = Debug|x86
		{379AA26E-1089-49BB-91D7-1C7A2FE45D1A}.Release|Any CPU.ActiveCfg = Release|x86
		{379AA26E-1089-49BB-91D7-1C7A2FE45D1A}.Release|ARM.ActiveCfg = Release|ARM
		{379AA26E-1089-49BB-91D7-1C7A2FE45D1A}.Release|ARM.Build.0 = Release|ARM
		{379AA26E-1089-49BB-91D7-1C7A2FE45D1A}.Release|ARM.Deploy.0 = Release|ARM
		{379AA26E-1089-49BB-91D7-1C7A2FE45D1A}.Release|x64.ActiveCfg = Release|x64
		{379AA26E-1089-49BB-91D7-1C7A2FE45D1A}.Release|x64.Build.0 = Release|x64
		{379AA26E-1089-49BB-91D7-1C7A2FE45D1A}.Release|x64.Deploy.0 = Release|x64
		{379AA26E-1089-49BB-91D7-1C7A2FE45D1A}.Release|x86.ActiveCfg = Release|x86
		{379AA26E-1089-49BB-91D7-1C7A2FE45D1A}.Release|x86.Build.0 = Release|x86
		{379AA26E-1089-49BB-91D7-1C7A2FE45D1A}.Release|x86.Deploy.0 = Release|x86
		{64B18241-80F4-40FF-B544-B6887EE26A0B}.Debug|Any CPU.ActiveCfg = Debug|x86
		{64B18241-80F4-40FF-B544-B6887EE26A0B}.Debug|ARM.ActiveCfg = Debug|ARM
		{64B18241-80F4-40FF-B544-B6887EE26A0B}.Debug|ARM.Build.0 = Debug|ARM
		{64B18241-80F4-40FF-B544-B6887EE26A0B}.Debug|ARM.Deploy.0 = Debug|ARM
		{64B18241-80F4-40FF-B544-B6887EE26A0B}.Debug|x64.ActiveCfg = Debug|x64
		{64B18241-80F4-40FF-B544-B6887EE26A0B}.Debug|x64.Build.0 = Debug|x64
		{64B18241-80F4-40FF-B544-B6887EE26A0B}.Debug|x64.Deploy.0 = Debug|x64
		{64B18241-80F4-40FF-B544-B6887EE26A0B}.Debug|x86.ActiveCfg = Debug|ARM
		{64B18241-80F4-40FF-B544-B6887EE26A0B}.Debug|x86.Build.0 = Debug|ARM
		{64B18241-80F4-40FF-B544-B6887EE26A0B}.Debug|x86.Deploy.0 = Debug|ARM
		{64B18241-80F4-40FF-B544-B6887EE26A0B}.Release|Any CPU.ActiveCfg = Release|x86
		{64B18241-80F4-40FF-B544-B6887EE26A0B}.Release|ARM.ActiveCfg = Release|ARM
		{64B18241-80F4-40FF-B544-B6887EE26A0B}.Release|ARM.Build.0 = Release|ARM
		{64B18241-80F4-40FF-B544-B6887EE26A0B}.Release|ARM.Deploy.0 = Release|ARM
		{64B18241-80F4-40FF-B544-B6887EE26A0B}.Release|x64.ActiveCfg = Release|x64
		{64B18241-80F4-40FF-B544-B6887EE26A0B}.Release|x64.Build.0 = Release|x64
		{64B18241-80F4-40FF-B544-B6887EE26A0B}.Release|x64.Deploy.0 = Release|x64
		{64B18241-80F4-40FF-B544-B6887EE26A0B}.Release|x86.ActiveCfg = Release|x86
		{64B18241-80F4-40FF-B544-B6887EE26A0B}.Release|x86.Build.0 = Release|x86
		{64B18241-80F4-40FF-B544-B6887EE26A0B}.Release|x86.Deploy.0 = Release|x86
		{C8B3E4FD-E031-49FB-9687-60D5850E7B93}.Debug|Any CPU.ActiveCfg = Debug|x86
		{C8B3E4FD-E031-49FB-9687-60D5850E7B93}.Debug|ARM.ActiveCfg = Debug|ARM
		{C8B3E4FD-E031-49FB-9687-60D5850E7B93}.Debug|ARM.Build.0 = Debug|ARM
		{C8B3E4FD-E031-49FB-9687-60D5850E7B93}.Debug|ARM.Deploy.0 = Debug|ARM
		{C8B3E4FD-E031-49FB-9687-60D5850E7B93}.Debug|x64.ActiveCfg = Debug|x64
		{C8B3E4FD-E031-49FB-9687-60D5850E7B93}.Debug|x64.Build.0 = Debug|x64
		{C8B3E4FD-E031-49FB-9687-60D5850E7B93}.Debug|x64.Deploy.0 = Debug|x64
		{C8B3E4FD-E031-49FB-9687-60D5850E7B93}.Debug|x86.ActiveCfg = Debug|x86
		{C8B3E4FD-E031-49FB-9687-60D5850E7B93}.Debug|x86.Build.0 = Debug|x86
		{C8B3E4FD-E031-49FB-9687-60D5850E7B93}.Debug|x86.Deploy.0 = Debug|x86
		{C8B3E4FD-E031-49FB-9687-60D5850E7B93}.Release|Any CPU.ActiveCfg = Release|x86
		{C8B3E4FD-E031-49FB-9687-60D5850E7B93}.Release|ARM.ActiveCfg = Release|ARM
		{C8B3E4FD-E031-49FB-9687-60D5850E7B93}.Release|ARM.Build.0 = Release|ARM
		{C8B3E4FD-E031-49FB-9687-60D5850E7B93}.Release|ARM.Deploy.0 = Release|ARM
		{C8B3E4FD-E031-49FB-9687-60D5850E7B93}.Release|x64.ActiveCfg = Release|x64
		{C8B3E4FD-E031-49FB-9687-60D5850E7B93}.Release|x64.Build.0 = Release|x64
		{C8B3E4FD-E031-49FB-9687-60D5850E7B93}.Release|x64.Deploy.0 = Release|x64
		{C8B3E4FD-E031-49FB-9687-60D5850E7B93}.Release|x86.ActiveCfg = Release|x86
		{C8B3E4FD-E031-49FB-9687-60D5850E7B93}.Release|x86.Build.0 = Release|x86
		{C8B3E4FD-E031-49FB-9687-60D5850E7B93}.Release|x86.Deploy.0 = Release|x86
		{0106470C-88B5-4DE3-8F4D-ADD749B6575A}.Debug|Any CPU.ActiveCfg = Debug|x86
		{0106470C-88B5-4DE3-8F4D-ADD749B6575A}.Debug|ARM.ActiveCfg = Debug|ARM
		{0106470C-88B5-4DE3-8F4D-ADD749B6575A}.Debug|ARM.Build.0 = Debug|ARM
		{0106470C-88B5-4DE3-8F4D-ADD749B6575A}.Debug|ARM.Deploy.0 = Debug|ARM
		{0106470C-88B5-4DE3-8F4D-ADD749B6575A}.Debug|x64.ActiveCfg = Debug|x64
		{0106470C-88B5-4DE3-8F4D-ADD749B6575A}.Debug|x64.Build.0 = Debug|x64
		{0106470C-88B5-4DE3-8F4D-ADD749B6575A}.Debug|x64.Deploy.0 = Debug|x64
		{0106470C-88B5-4DE3-8F4D-ADD749B6575A}.Debug|x86.ActiveCfg = Debug|x86
		{0106470C-88B5-4DE3-8F4D-ADD749B6575A}.Debug|x86.Build.0 = Debug|x86
		{0106470C-88B5-4DE3-8F4D-ADD749B6575A}.Debug|x86.Deploy.0 = Debug|x86
		{0106470C-88B5-4DE3-8F4D-ADD749B6575A}.Release|Any CPU.ActiveCfg = Release|x86
		{0106470C-88B5-4DE3-8F4D-ADD749B6575A}.Release|ARM.ActiveCfg = Release|ARM
		{0106470C-88B5-4DE3-8F4D-ADD749B6575A}.Release|ARM.Build.0 = Release|ARM
		{0106470C-88B5-4DE3-8F4D-ADD749B6575A}.Release|ARM.Deploy.0 = Release|ARM
		{0106470C-88B5-4DE3-8F4D-ADD749B6575A}.Release|x64.ActiveCfg = Release|x64
		{0106470C-88B5-4DE3-8F4D-ADD749B6575A}.Release|x64.Build.0 = Release|x64
		{0106470C-88B5-4DE3-8F4D-ADD749B6575A}.Release|x64.Deploy.0 = Release|x64
		{0106470C-88B5-4DE3-8F4D-ADD749B6575A}.Release|x86.ActiveCfg = Release|x86
		{0106470C-88B5-4DE3-8F4D-ADD749B6575A}.Release|x86.Build.0 = Release|x86
		{0106470C-88B5-4DE3-8F4D-ADD749B6575A}.Release|x86.Deploy.0 = Release|x86
		{58ACC36C-5F39-4F4F-B446-EDEEF6F5E08A}.Debug|Any CPU.ActiveCfg = Debug|x86
		{58ACC36C-5F39-4F4F-B446-EDEEF6F5E08A}.Debug|ARM.ActiveCfg = Debug|ARM
		{58ACC36C-5F39-4F4F-B446-EDEEF6F5E08A}.Debug|ARM.Build.0 = Debug|ARM
		{58ACC36C-5F39-4F4F-B446-EDEEF6F5E08A}.Debug|ARM.Deploy.0 = Debug|ARM
		{58ACC36C-5F39-4F4F-B446-EDEEF6F5E08A}.Debug|x64.ActiveCfg = Debug|x64
		{58ACC36C-5F39-4F4F-B446-EDEEF6F5E08A}.Debug|x64.Build.0 = Debug|x64
		{58ACC36C-5F39-4F4F-B446-EDEEF6F5E08A}.Debug|x64.Deploy.0 = Debug|x64
		{58ACC36C-5F39-4F4F-B446-EDEEF6F5E08A}.Debug|x86.ActiveCfg = Debug|x86
		{58ACC36C-5F39-4F4F-B446-EDEEF6F5E08A}.Debug|x86.Build.0 = Debug|x86
		{58ACC36C-5F39-4F4F-B446-EDEEF6F5E08A}.Debug|x86.Deploy.0 = Debug|x86
		{58ACC36C-5F39-4F4F-B446-EDEEF6F5E08A}.Release|Any CPU.ActiveCfg = Release|x86
		{58ACC36C-5F39-4F4F-B446-EDEEF6F5E08A}.Release|ARM.ActiveCfg = Release|ARM
		{58ACC36C-5F39-4F4F-B446-EDEEF6F5E08A}.Release|ARM.Build.0 = Release|ARM
		{58ACC36C-5F39-4F4F-B446-EDEEF6F5E08A}.Release|ARM.Deploy.0 = Release|ARM
		{58ACC36C-5F39-4F4F-B446-EDEEF6F5E08A}.Release|x64.ActiveCfg = Release|x64
		{58ACC36C-5F39-4F4F-B446-EDEEF6F5E08A}.Release|x64.Build.0 = Release|x64
		{58ACC36C-5F39-4F4F-B446-EDEEF6F5E08A}.Release|x64.Deploy.0 = Release|x64
		{58ACC36C-5F39-4F4F-B446-EDEEF6F5E08A}.Release|x86.ActiveCfg = Release|x86
		{58ACC36C-5F39-4F4F-B446-EDEEF6F5E08A}.Release|x86.Build.0 = Release|x86
		{58ACC36C-5F39-4F4F-B446-EDEEF6F5E08A}.Release|x86.Deploy.0 = Release|x86
		{F8A07AEB-0B43-4274-80FF-3917CBE6C48C}.Debug|Any CPU.ActiveCfg = Debug|Any CPU
		{F8A07AEB-0B43-4274-80FF-3917CBE6C48C}.Debug|Any CPU.Build.0 = Debug|Any CPU
		{F8A07AEB-0B43-4274-80FF-3917CBE6C48C}.Debug|ARM.ActiveCfg = Debug|Any CPU
		{F8A07AEB-0B43-4274-80FF-3917CBE6C48C}.Debug|ARM.Build.0 = Debug|Any CPU
		{F8A07AEB-0B43-4274-80FF-3917CBE6C48C}.Debug|x64.ActiveCfg = Debug|Any CPU
		{F8A07AEB-0B43-4274-80FF-3917CBE6C48C}.Debug|x64.Build.0 = Debug|Any CPU
		{F8A07AEB-0B43-4274-80FF-3917CBE6C48C}.Debug|x86.ActiveCfg = Debug|Any CPU
		{F8A07AEB-0B43-4274-80FF-3917CBE6C48C}.Debug|x86.Build.0 = Debug|Any CPU
		{F8A07AEB-0B43-4274-80FF-3917CBE6C48C}.Release|Any CPU.ActiveCfg = Release|Any CPU
		{F8A07AEB-0B43-4274-80FF-3917CBE6C48C}.Release|Any CPU.Build.0 = Release|Any CPU
		{F8A07AEB-0B43-4274-80FF-3917CBE6C48C}.Release|ARM.ActiveCfg = Release|Any CPU
		{F8A07AEB-0B43-4274-80FF-3917CBE6C48C}.Release|ARM.Build.0 = Release|Any CPU
		{F8A07AEB-0B43-4274-80FF-3917CBE6C48C}.Release|x64.ActiveCfg = Release|Any CPU
		{F8A07AEB-0B43-4274-80FF-3917CBE6C48C}.Release|x64.Build.0 = Release|Any CPU
		{F8A07AEB-0B43-4274-80FF-3917CBE6C48C}.Release|x86.ActiveCfg = Release|Any CPU
		{F8A07AEB-0B43-4274-80FF-3917CBE6C48C}.Release|x86.Build.0 = Release|Any CPU
		{67B3DB3E-9F49-4CC5-A54F-F88C8738A1F7}.Debug|Any CPU.ActiveCfg = Debug|Any CPU
		{67B3DB3E-9F49-4CC5-A54F-F88C8738A1F7}.Debug|Any CPU.Build.0 = Debug|Any CPU
		{67B3DB3E-9F49-4CC5-A54F-F88C8738A1F7}.Debug|ARM.ActiveCfg = Debug|Any CPU
		{67B3DB3E-9F49-4CC5-A54F-F88C8738A1F7}.Debug|ARM.Build.0 = Debug|Any CPU
		{67B3DB3E-9F49-4CC5-A54F-F88C8738A1F7}.Debug|x64.ActiveCfg = Debug|Any CPU
		{67B3DB3E-9F49-4CC5-A54F-F88C8738A1F7}.Debug|x64.Build.0 = Debug|Any CPU
		{67B3DB3E-9F49-4CC5-A54F-F88C8738A1F7}.Debug|x86.ActiveCfg = Debug|Any CPU
		{67B3DB3E-9F49-4CC5-A54F-F88C8738A1F7}.Debug|x86.Build.0 = Debug|Any CPU
		{67B3DB3E-9F49-4CC5-A54F-F88C8738A1F7}.Release|Any CPU.ActiveCfg = Release|Any CPU
		{67B3DB3E-9F49-4CC5-A54F-F88C8738A1F7}.Release|Any CPU.Build.0 = Release|Any CPU
		{67B3DB3E-9F49-4CC5-A54F-F88C8738A1F7}.Release|ARM.ActiveCfg = Release|Any CPU
		{67B3DB3E-9F49-4CC5-A54F-F88C8738A1F7}.Release|ARM.Build.0 = Release|Any CPU
		{67B3DB3E-9F49-4CC5-A54F-F88C8738A1F7}.Release|x64.ActiveCfg = Release|Any CPU
		{67B3DB3E-9F49-4CC5-A54F-F88C8738A1F7}.Release|x64.Build.0 = Release|Any CPU
		{67B3DB3E-9F49-4CC5-A54F-F88C8738A1F7}.Release|x86.ActiveCfg = Release|Any CPU
		{67B3DB3E-9F49-4CC5-A54F-F88C8738A1F7}.Release|x86.Build.0 = Release|Any CPU
		{3D63DC77-746D-443E-A065-9D37D2083DA5}.Debug|Any CPU.ActiveCfg = Debug|x86
		{3D63DC77-746D-443E-A065-9D37D2083DA5}.Debug|ARM.ActiveCfg = Debug|ARM
		{3D63DC77-746D-443E-A065-9D37D2083DA5}.Debug|ARM.Build.0 = Debug|ARM
		{3D63DC77-746D-443E-A065-9D37D2083DA5}.Debug|ARM.Deploy.0 = Debug|ARM
		{3D63DC77-746D-443E-A065-9D37D2083DA5}.Debug|x64.ActiveCfg = Debug|x64
		{3D63DC77-746D-443E-A065-9D37D2083DA5}.Debug|x64.Build.0 = Debug|x64
		{3D63DC77-746D-443E-A065-9D37D2083DA5}.Debug|x64.Deploy.0 = Debug|x64
		{3D63DC77-746D-443E-A065-9D37D2083DA5}.Debug|x86.ActiveCfg = Debug|x86
		{3D63DC77-746D-443E-A065-9D37D2083DA5}.Debug|x86.Build.0 = Debug|x86
		{3D63DC77-746D-443E-A065-9D37D2083DA5}.Debug|x86.Deploy.0 = Debug|x86
		{3D63DC77-746D-443E-A065-9D37D2083DA5}.Release|Any CPU.ActiveCfg = Release|x86
		{3D63DC77-746D-443E-A065-9D37D2083DA5}.Release|ARM.ActiveCfg = Release|ARM
		{3D63DC77-746D-443E-A065-9D37D2083DA5}.Release|ARM.Build.0 = Release|ARM
		{3D63DC77-746D-443E-A065-9D37D2083DA5}.Release|ARM.Deploy.0 = Release|ARM
		{3D63DC77-746D-443E-A065-9D37D2083DA5}.Release|x64.ActiveCfg = Release|x64
		{3D63DC77-746D-443E-A065-9D37D2083DA5}.Release|x64.Build.0 = Release|x64
		{3D63DC77-746D-443E-A065-9D37D2083DA5}.Release|x64.Deploy.0 = Release|x64
		{3D63DC77-746D-443E-A065-9D37D2083DA5}.Release|x86.ActiveCfg = Release|x86
		{3D63DC77-746D-443E-A065-9D37D2083DA5}.Release|x86.Build.0 = Release|x86
		{3D63DC77-746D-443E-A065-9D37D2083DA5}.Release|x86.Deploy.0 = Release|x86
		{BF014568-523F-4D07-855A-23567F52200A}.Debug|Any CPU.ActiveCfg = Debug|x86
		{BF014568-523F-4D07-855A-23567F52200A}.Debug|ARM.ActiveCfg = Debug|ARM
		{BF014568-523F-4D07-855A-23567F52200A}.Debug|ARM.Build.0 = Debug|ARM
		{BF014568-523F-4D07-855A-23567F52200A}.Debug|ARM.Deploy.0 = Debug|ARM
		{BF014568-523F-4D07-855A-23567F52200A}.Debug|x64.ActiveCfg = Debug|x64
		{BF014568-523F-4D07-855A-23567F52200A}.Debug|x64.Build.0 = Debug|x64
		{BF014568-523F-4D07-855A-23567F52200A}.Debug|x64.Deploy.0 = Debug|x64
		{BF014568-523F-4D07-855A-23567F52200A}.Debug|x86.ActiveCfg = Debug|x86
		{BF014568-523F-4D07-855A-23567F52200A}.Debug|x86.Build.0 = Debug|x86
		{BF014568-523F-4D07-855A-23567F52200A}.Debug|x86.Deploy.0 = Debug|x86
		{BF014568-523F-4D07-855A-23567F52200A}.Release|Any CPU.ActiveCfg = Release|x86
		{BF014568-523F-4D07-855A-23567F52200A}.Release|ARM.ActiveCfg = Release|ARM
		{BF014568-523F-4D07-855A-23567F52200A}.Release|ARM.Build.0 = Release|ARM
		{BF014568-523F-4D07-855A-23567F52200A}.Release|ARM.Deploy.0 = Release|ARM
		{BF014568-523F-4D07-855A-23567F52200A}.Release|x64.ActiveCfg = Release|x64
		{BF014568-523F-4D07-855A-23567F52200A}.Release|x64.Build.0 = Release|x64
		{BF014568-523F-4D07-855A-23567F52200A}.Release|x64.Deploy.0 = Release|x64
		{BF014568-523F-4D07-855A-23567F52200A}.Release|x86.ActiveCfg = Release|x86
		{BF014568-523F-4D07-855A-23567F52200A}.Release|x86.Build.0 = Release|x86
		{BF014568-523F-4D07-855A-23567F52200A}.Release|x86.Deploy.0 = Release|x86
	EndGlobalSection
	GlobalSection(SolutionProperties) = preSolution
		HideSolutionNode = FALSE
	EndGlobalSection
	GlobalSection(NestedProjects) = preSolution
		{5B3ECC75-3172-4FE0-865C-3BACF3730C9D} = {942FB9B0-E3A0-454F-B24E-1006DA4E1E3A}
		{379AA26E-1089-49BB-91D7-1C7A2FE45D1A} = {942FB9B0-E3A0-454F-B24E-1006DA4E1E3A}
		{58ACC36C-5F39-4F4F-B446-EDEEF6F5E08A} = {942FB9B0-E3A0-454F-B24E-1006DA4E1E3A}
		{F8A07AEB-0B43-4274-80FF-3917CBE6C48C} = {942FB9B0-E3A0-454F-B24E-1006DA4E1E3A}
		{3D63DC77-746D-443E-A065-9D37D2083DA5} = {09A00DD9-FB0C-4967-B126-4963000151EC}
		{BF014568-523F-4D07-855A-23567F52200A} = {09A00DD9-FB0C-4967-B126-4963000151EC}
	EndGlobalSection
EndGlobal
